
Microsoft Visual Studio Solution File, Format Version 12.00
# Visual Studio Version 16
VisualStudioVersion = 16.0.30523.141
MinimumVisualStudioVersion = 10.0.40219.1
Project("{FAE04EC0-301F-11D3-BF4B-00C04F79EFBC}") = "EJ2LayoutDINT", "EJ2LayoutDINT.csproj", "{156CE2FC-EBA2-45E1-8420-09C377776617}"
EndProject
Global
	GlobalSection(SolutionConfigurationPlatforms) = preSolution
		Debug|Any CPU = Debug|Any CPU
		Release|Any CPU = Release|Any CPU
	EndGlobalSection
	GlobalSection(ProjectConfigurationPlatforms) = postSolution
		{156CE2FC-EBA2-45E1-8420-09C377776617}.Debug|Any CPU.ActiveCfg = Debug|Any CPU
		{156CE2FC-EBA2-45E1-8420-09C377776617}.Debug|Any CPU.Build.0 = Debug|Any CPU
		{156CE2FC-EBA2-45E1-8420-09C377776617}.Release|Any CPU.ActiveCfg = Release|Any CPU
		{156CE2FC-EBA2-45E1-8420-09C377776617}.Release|Any CPU.Build.0 = Release|Any CPU
	EndGlobalSection
	GlobalSection(SolutionProperties) = preSolution
		HideSolutionNode = FALSE
	EndGlobalSection
	GlobalSection(ExtensibilityGlobals) = postSolution
		SolutionGuid = {87C47A4B-416A-435C-A82B-21EAB3EDA0B3}
	EndGlobalSection
EndGlobal
